github.com/alecthomas/kong v0.7.0 h1:YIjJUiR7AcmHxL87UlbPn0gyIGwl4+nYND0OQ4ojP7k=
github.com/alecthomas/kong v0.7.0/go.mod h1:n1iCIO2xS46oE8ZfYCNDqdR0b0wZNrXAIAqro/2132U=
github.com/google/uuid v1.3.0 h1:t6JiXgmwXMjEs8VusXIJk2BXHsn+wx8BZdTaoZ5fu7I=
github.com/google/uuid v1.3.0/go.mod h1:TIyPZe4MgqvfeYDBFedMoGGpEw/LqOeaOT+nhxU+yHo=
github.com/markgemmill/localq v0.1.1 h1:nBr2yEEix/vmZkAQ2dwz8QSMdCBl6/XpNF8sDlm3siw=
github.com/markgemmill/localq v0.1.1/go.mod h1:bpCANYVrwsjdP6il7EfOylPn+AMyKivXtV0AYkLWPLY=
